// !$*UTF8*$!
{
	archiveVersion = 1;
	classes = {
	};
	objectVersion = 46;
	objects = {

/* Begin PBXBuildFile section */
		2290664F18FBCD3F000B71D7 /* Foundation.framework in Frameworks */ = {isa = PBXBuildFile; fileRef = 2290664E18FBCD3F000B71D7 /* Foundation.framework */; };
		2290665118FBCD3F000B71D7 /* CoreGraphics.framework in Frameworks */ = {isa = PBXBuildFile; fileRef = 2290665018FBCD3F000B71D7 /* CoreGraphics.framework */; };
		2290665318FBCD3F000B71D7 /* UIKit.framework in Frameworks */ = {isa = PBXBuildFile; fileRef = 2290665218FBCD3F000B71D7 /* UIKit.framework */; };
		2290665918FBCD3F000B71D7 /* InfoPlist.strings in Resources */ = {isa = PBXBuildFile; fileRef = 2290665718FBCD3F000B71D7 /* InfoPlist.strings */; };
		2290665B18FBCD3F000B71D7 /* main.m in Sources */ = {isa = PBXBuildFile; fileRef = 2290665A18FBCD3F000B71D7 /* main.m */; };
		2290665F18FBCD3F000B71D7 /* AppDelegate.m in Sources */ = {isa = PBXBuildFile; fileRef = 2290665E18FBCD3F000B71D7 /* AppDelegate.m */; };
		2290666218FBCD3F000B71D7 /* Main_iPhone.storyboard in Resources */ = {isa = PBXBuildFile; fileRef = 2290666018FBCD3F000B71D7 /* Main_iPhone.storyboard */; };
		2290666518FBCD3F000B71D7 /* Main_iPad.storyboard in Resources */ = {isa = PBXBuildFile; fileRef = 2290666318FBCD3F000B71D7 /* Main_iPad.storyboard */; };
		2290666818FBCD3F000B71D7 /* ViewController.m in Sources */ = {isa = PBXBuildFile; fileRef = 2290666718FBCD3F000B71D7 /* ViewController.m */; };
		2290666A18FBCD3F000B71D7 /* Images.xcassets in Resources */ = {isa = PBXBuildFile; fileRef = 2290666918FBCD3F000B71D7 /* Images.xcassets */; };
		2290667118FBCD3F000B71D7 /* XCTest.framework in Frameworks */ = {isa = PBXBuildFile; fileRef = 2290667018FBCD3F000B71D7 /* XCTest.framework */; };
		2290667218FBCD3F000B71D7 /* Foundation.framework in Frameworks */ = {isa = PBXBuildFile; fileRef = 2290664E18FBCD3F000B71D7 /* Foundation.framework */; };
		2290667318FBCD3F000B71D7 /* UIKit.framework in Frameworks */ = {isa = PBXBuildFile; fileRef = 2290665218FBCD3F000B71D7 /* UIKit.framework */; };
		2290667B18FBCD3F000B71D7 /* InfoPlist.strings in Resources */ = {isa = PBXBuildFile; fileRef = 2290667918FBCD3F000B71D7 /* InfoPlist.strings */; };
		2290667D18FBCD3F000B71D7 /* SlidePageDemoTests.m in Sources */ = {isa = PBXBuildFile; fileRef = 2290667C18FBCD3F000B71D7 /* SlidePageDemoTests.m */; };
		2290668918FBD162000B71D7 /* SlidePageViewController.m in Sources */ = {isa = PBXBuildFile; fileRef = 2290668818FBD162000B71D7 /* SlidePageViewController.m */; };
		2290668D18FC0DEE000B71D7 /* MainViewController.m in Sources */ = {isa = PBXBuildFile; fileRef = 2290668B18FC0DEE000B71D7 /* MainViewController.m */; };
		2290668E18FC0DEE000B71D7 /* MainViewController.xib in Resources */ = {isa = PBXBuildFile; fileRef = 2290668C18FC0DEE000B71D7 /* MainViewController.xib */; };
		2290669218FC0E02000B71D7 /* LeftViewController.m in Sources */ = {isa = PBXBuildFile; fileRef = 2290669018FC0E01000B71D7 /* LeftViewController.m */; };
		2290669318FC0E02000B71D7 /* LeftViewController.xib in Resources */ = {isa = PBXBuildFile; fileRef = 2290669118FC0E01000B71D7 /* LeftViewController.xib */; };
		2290669718FC0E12000B71D7 /* RightViewController.m in Sources */ = {isa = PBXBuildFile; fileRef = 2290669518FC0E12000B71D7 /* RightViewController.m */; };
		2290669818FC0E12000B71D7 /* RightViewController.xib in Resources */ = {isa = PBXBuildFile; fileRef = 2290669618FC0E12000B71D7 /* RightViewController.xib */; };
		2290669B18FD2F19000B71D7 /* TabScrollViewController.m in Sources */ = {isa = PBXBuildFile; fileRef = 2290669A18FD2F19000B71D7 /* TabScrollViewController.m */; };
		2290669E18FD5851000B71D7 /* TabInfo.m in Sources */ = {isa = PBXBuildFile; fileRef = 2290669D18FD5851000B71D7 /* TabInfo.m */; };
/* End PBXBuildFile section */

/* Begin PBXContainerItemProxy section */
		2290667418FBCD3F000B71D7 /* PBXContainerItemProxy */ = {
			isa = PBXContainerItemProxy;
			containerPortal = 2290664318FBCD3E000B71D7 /* Project object */;
			proxyType = 1;
			remoteGlobalIDString = 2290664A18FBCD3F000B71D7;
			remoteInfo = SlidePageDemo;
		};
/* End PBXContainerItemProxy section */

/* Begin PBXFileReference section */
		2290664B18FBCD3F000B71D7 /* SlidePageDemo.app */ = {isa = PBXFileReference; explicitFileType = wrapper.application; includeInIndex = 0; path = SlidePageDemo.app; sourceTree = BUILT_PRODUCTS_DIR; };
		2290664E18FBCD3F000B71D7 /* Foundation.framework */ = {isa = PBXFileReference; lastKnownFileType = wrapper.framework; name = Foundation.framework; path = System/Library/Frameworks/Foundation.framework; sourceTree = SDKROOT; };
		2290665018FBCD3F000B71D7 /* CoreGraphics.framework */ = {isa = PBXFileReference; lastKnownFileType = wrapper.framework; name = CoreGraphics.framework; path = System/Library/Frameworks/CoreGraphics.framework; sourceTree = SDKROOT; };
		2290665218FBCD3F000B71D7 /* UIKit.framework */ = {isa = PBXFileReference; lastKnownFileType = wrapper.framework; name = UIKit.framework; path = System/Library/Frameworks/UIKit.framework; sourceTree = SDKROOT; };
		2290665618FBCD3F000B71D7 /* SlidePageDemo-Info.plist */ = {isa = PBXFileReference; lastKnownFileType = text.plist.xml; path = "SlidePageDemo-Info.plist"; sourceTree = "<group>"; };
		2290665818FBCD3F000B71D7 /* en */ = {isa = PBXFileReference; lastKnownFileType = text.plist.strings; name = en; path = en.lproj/InfoPlist.strings; sourceTree = "<group>"; };
		2290665A18FBCD3F000B71D7 /* main.m */ = {isa = PBXFileReference; lastKnownFileType = sourcecode.c.objc; path = main.m; sourceTree = "<group>"; };
		2290665C18FBCD3F000B71D7 /* SlidePageDemo-Prefix.pch */ = {isa = PBXFileReference; lastKnownFileType = sourcecode.c.h; path = "SlidePageDemo-Prefix.pch"; sourceTree = "<group>"; };
		2290665D18FBCD3F000B71D7 /* AppDelegate.h */ = {isa = PBXFileReference; lastKnownFileType = sourcecode.c.h; path = AppDelegate.h; sourceTree = "<group>"; };
		2290665E18FBCD3F000B71D7 /* AppDelegate.m */ = {isa = PBXFileReference; lastKnownFileType = sourcecode.c.objc; path = AppDelegate.m; sourceTree = "<group>"; };
		2290666118FBCD3F000B71D7 /* Base */ = {isa = PBXFileReference; lastKnownFileType = file.storyboard; name = Base; path = Base.lproj/Main_iPhone.storyboard; sourceTree = "<group>"; };
		2290666418FBCD3F000B71D7 /* Base */ = {isa = PBXFileReference; lastKnownFileType = file.storyboard; name = Base; path = Base.lproj/Main_iPad.storyboard; sourceTree = "<group>"; };
		2290666618FBCD3F000B71D7 /* ViewController.h */ = {isa = PBXFileReference; lastKnownFileType = sourcecode.c.h; path = ViewController.h; sourceTree = "<group>"; };
		2290666718FBCD3F000B71D7 /* ViewController.m */ = {isa = PBXFileReference; lastKnownFileType = sourcecode.c.objc; path = ViewController.m; sourceTree = "<group>"; };
		2290666918FBCD3F000B71D7 /* Images.xcassets */ = {isa = PBXFileReference; lastKnownFileType = folder.assetcatalog; path = Images.xcassets; sourceTree = "<group>"; };
		2290666F18FBCD3F000B71D7 /* SlidePageDemoTests.xctest */ = {isa = PBXFileReference; explicitFileType = wrapper.cfbundle; includeInIndex = 0; path = SlidePageDemoTests.xctest; sourceTree = BUILT_PRODUCTS_DIR; };
		2290667018FBCD3F000B71D7 /* XCTest.framework */ = {isa = PBXFileReference; lastKnownFileType = wrapper.framework; name = XCTest.framework; path = Library/Frameworks/XCTest.framework; sourceTree = DEVELOPER_DIR; };
		2290667818FBCD3F000B71D7 /* SlidePageDemoTests-Info.plist */ = {isa = PBXFileReference; lastKnownFileType = text.plist.xml; path = "SlidePageDemoTests-Info.plist"; sourceTree = "<group>"; };
		2290667A18FBCD3F000B71D7 /* en */ = {isa = PBXFileReference; lastKnownFileType = text.plist.strings; name = en; path = en.lproj/InfoPlist.strings; sourceTree = "<group>"; };
		2290667C18FBCD3F000B71D7 /* SlidePageDemoTests.m */ = {isa = PBXFileReference; lastKnownFileType = sourcecode.c.objc; path = SlidePageDemoTests.m; sourceTree = "<group>"; };
		2290668718FBD162000B71D7 /* SlidePageViewController.h */ = {isa = PBXFileReference; fileEncoding = 4; lastKnownFileType = sourcecode.c.h; name = SlidePageViewController.h; path = Class/SlidePageViewController.h; sourceTree = "<group>"; };
		2290668818FBD162000B71D7 /* SlidePageViewController.m */ = {isa = PBXFileReference; fileEncoding = 4; lastKnownFileType = sourcecode.c.objc; name = SlidePageViewController.m; path = Class/SlidePageViewController.m; sourceTree = "<group>"; };
		2290668A18FC0DEE000B71D7 /* MainViewController.h */ = {isa = PBXFileReference; fileEncoding = 4; lastKnownFileType = sourcecode.c.h; path = MainViewController.h; sourceTree = "<group>"; };
		2290668B18FC0DEE000B71D7 /* MainViewController.m */ = {isa = PBXFileReference; fileEncoding = 4; lastKnownFileType = sourcecode.c.objc; path = MainViewController.m; sourceTree = "<group>"; };
		2290668C18FC0DEE000B71D7 /* MainViewController.xib */ = {isa = PBXFileReference; fileEncoding = 4; lastKnownFileType = file.xib; path = MainViewController.xib; sourceTree = "<group>"; };
		2290668F18FC0E01000B71D7 /* LeftViewController.h */ = {isa = PBXFileReference; fileEncoding = 4; lastKnownFileType = sourcecode.c.h; path = LeftViewController.h; sourceTree = "<group>"; };
		2290669018FC0E01000B71D7 /* LeftViewController.m */ = {isa = PBXFileReference; fileEncoding = 4; lastKnownFileType = sourcecode.c.objc; path = LeftViewController.m; sourceTree = "<group>"; };
		2290669118FC0E01000B71D7 /* LeftViewController.xib */ = {isa = PBXFileReference; fileEncoding = 4; lastKnownFileType = file.xib; path = LeftViewController.xib; sourceTree = "<group>"; };
		2290669418FC0E12000B71D7 /* RightViewController.h */ = {isa = PBXFileReference; fileEncoding = 4; lastKnownFileType = sourcecode.c.h; path = RightViewController.h; sourceTree = "<group>"; };
		2290669518FC0E12000B71D7 /* RightViewController.m */ = {isa = PBXFileReference; fileEncoding = 4; lastKnownFileType = sourcecode.c.objc; path = RightViewController.m; sourceTree = "<group>"; };
		2290669618FC0E12000B71D7 /* RightViewController.xib */ = {isa = PBXFileReference; fileEncoding = 4; lastKnownFileType = file.xib; path = RightViewController.xib; sourceTree = "<group>"; };
		2290669918FD2F19000B71D7 /* TabScrollViewController.h */ = {isa = PBXFileReference; fileEncoding = 4; lastKnownFileType = sourcecode.c.h; name = TabScrollViewController.h; path = Class/TabScrollViewController.h; sourceTree = "<group>"; };
		2290669A18FD2F19000B71D7 /* TabScrollViewController.m */ = {isa = PBXFileReference; fileEncoding = 4; lastKnownFileType = sourcecode.c.objc; name = TabScrollViewController.m; path = Class/TabScrollViewController.m; sourceTree = "<group>"; };
		2290669C18FD5851000B71D7 /* TabInfo.h */ = {isa = PBXFileReference; fileEncoding = 4; lastKnownFileType = sourcecode.c.h; name = TabInfo.h; path = Class/TabInfo.h; sourceTree = "<group>"; };
		2290669D18FD5851000B71D7 /* TabInfo.m */ = {isa = PBXFileReference; fileEncoding = 4; lastKnownFileType = sourcecode.c.objc; name = TabInfo.m; path = Class/TabInfo.m; sourceTree = "<group>"; };
/* End PBXFileReference section */

/* Begin PBXFrameworksBuildPhase section */
		2290664818FBCD3F000B71D7 /* Frameworks */ = {
			isa = PBXFrameworksBuildPhase;
			buildActionMask = 2147483647;
			files = (
				2290665118FBCD3F000B71D7 /* CoreGraphics.framework in Frameworks */,
				2290665318FBCD3F000B71D7 /* UIKit.framework in Frameworks */,
				2290664F18FBCD3F000B71D7 /* Foundation.framework in Frameworks */,
			);
			runOnlyForDeploymentPostprocessing = 0;
		};
		2290666C18FBCD3F000B71D7 /* Frameworks */ = {
			isa = PBXFrameworksBuildPhase;
			buildActionMask = 2147483647;
			files = (
				2290667118FBCD3F000B71D7 /* XCTest.framework in Frameworks */,
				2290667318FBCD3F000B71D7 /* UIKit.framework in Frameworks */,
				2290667218FBCD3F000B71D7 /* Foundation.framework in Frameworks */,
			);
			runOnlyForDeploymentPostprocessing = 0;
		};
/* End PBXFrameworksBuildPhase section */

/* Begin PBXGroup section */
		2290664218FBCD3E000B71D7 = {
			isa = PBXGroup;
			children = (
				2290665418FBCD3F000B71D7 /* SlidePageDemo */,
				2290667618FBCD3F000B71D7 /* SlidePageDemoTests */,
				2290664D18FBCD3F000B71D7 /* Frameworks */,
				2290664C18FBCD3F000B71D7 /* Products */,
			);
			sourceTree = "<group>";
		};
		2290664C18FBCD3F000B71D7 /* Products */ = {
			isa = PBXGroup;
			children = (
				2290664B18FBCD3F000B71D7 /* SlidePageDemo.app */,
				2290666F18FBCD3F000B71D7 /* SlidePageDemoTests.xctest */,
			);
			name = Products;
			sourceTree = "<group>";
		};
		2290664D18FBCD3F000B71D7 /* Frameworks */ = {
			isa = PBXGroup;
			children = (
				2290664E18FBCD3F000B71D7 /* Foundation.framework */,
				2290665018FBCD3F000B71D7 /* CoreGraphics.framework */,
				2290665218FBCD3F000B71D7 /* UIKit.framework */,
				2290667018FBCD3F000B71D7 /* XCTest.framework */,
			);
			name = Frameworks;
			sourceTree = "<group>";
		};
		2290665418FBCD3F000B71D7 /* SlidePageDemo */ = {
			isa = PBXGroup;
			children = (
				2290668618FBCE0D000B71D7 /* Class */,
				2290665D18FBCD3F000B71D7 /* AppDelegate.h */,
				2290665E18FBCD3F000B71D7 /* AppDelegate.m */,
				2290666018FBCD3F000B71D7 /* Main_iPhone.storyboard */,
				2290666318FBCD3F000B71D7 /* Main_iPad.storyboard */,
				2290666618FBCD3F000B71D7 /* ViewController.h */,
				2290666718FBCD3F000B71D7 /* ViewController.m */,
				2290666918FBCD3F000B71D7 /* Images.xcassets */,
				2290665518FBCD3F000B71D7 /* Supporting Files */,
				2290668A18FC0DEE000B71D7 /* MainViewController.h */,
				2290668B18FC0DEE000B71D7 /* MainViewController.m */,
				2290668C18FC0DEE000B71D7 /* MainViewController.xib */,
				2290668F18FC0E01000B71D7 /* LeftViewController.h */,
				2290669018FC0E01000B71D7 /* LeftViewController.m */,
				2290669118FC0E01000B71D7 /* LeftViewController.xib */,
				2290669418FC0E12000B71D7 /* RightViewController.h */,
				2290669518FC0E12000B71D7 /* RightViewController.m */,
				2290669618FC0E12000B71D7 /* RightViewController.xib */,
			);
			path = SlidePageDemo;
			sourceTree = "<group>";
		};
		2290665518FBCD3F000B71D7 /* Supporting Files */ = {
			isa = PBXGroup;
			children = (
				2290665618FBCD3F000B71D7 /* SlidePageDemo-Info.plist */,
				2290665718FBCD3F000B71D7 /* InfoPlist.strings */,
				2290665A18FBCD3F000B71D7 /* main.m */,
				2290665C18FBCD3F000B71D7 /* SlidePageDemo-Prefix.pch */,
			);
			name = "Supporting Files";
			sourceTree = "<group>";
		};
		2290667618FBCD3F000B71D7 /* SlidePageDemoTests */ = {
			isa = PBXGroup;
			children = (
				2290667C18FBCD3F000B71D7 /* SlidePageDemoTests.m */,
				2290667718FBCD3F000B71D7 /* Supporting Files */,
			);
			path = SlidePageDemoTests;
			sourceTree = "<group>";
		};
		2290667718FBCD3F000B71D7 /* Supporting Files */ = {
			isa = PBXGroup;
			children = (
				2290667818FBCD3F000B71D7 /* SlidePageDemoTests-Info.plist */,
				2290667918FBCD3F000B71D7 /* InfoPlist.strings */,
			);
			name = "Supporting Files";
			sourceTree = "<group>";
		};
		2290668618FBCE0D000B71D7 /* Class */ = {
			isa = PBXGroup;
			children = (
				2290668718FBD162000B71D7 /* SlidePageViewController.h */,
				2290668818FBD162000B71D7 /* SlidePageViewController.m */,
				2290669918FD2F19000B71D7 /* TabScrollViewController.h */,
				2290669A18FD2F19000B71D7 /* TabScrollViewController.m */,
				2290669C18FD5851000B71D7 /* TabInfo.h */,
				2290669D18FD5851000B71D7 /* TabInfo.m */,
			);
			name = Class;
			sourceTree = "<group>";
		};
/* End PBXGroup section */

/* Begin PBXNativeTarget section */
		2290664A18FBCD3F000B71D7 /* SlidePageDemo */ = {
			isa = PBXNativeTarget;
			buildConfigurationList = 2290668018FBCD3F000B71D7 /* Build configuration list for PBXNativeTarget "SlidePageDemo" */;
			buildPhases = (
				2290664718FBCD3F000B71D7 /* Sources */,
				2290664818FBCD3F000B71D7 /* Frameworks */,
				2290664918FBCD3F000B71D7 /* Resources */,
			);
			buildRules = (
			);
			dependencies = (
			);
			name = SlidePageDemo;
			productName = SlidePageDemo;
			productReference = 2290664B18FBCD3F000B71D7 /* SlidePageDemo.app */;
			productType = "com.apple.product-type.application";
		};
		2290666E18FBCD3F000B71D7 /* SlidePageDemoTests */ = {
			isa = PBXNativeTarget;
			buildConfigurationList = 2290668318FBCD3F000B71D7 /* Build configuration list for PBXNativeTarget "SlidePageDemoTests" */;
			buildPhases = (
				2290666B18FBCD3F000B71D7 /* Sources */,
				2290666C18FBCD3F000B71D7 /* Frameworks */,
				2290666D18FBCD3F000B71D7 /* Resources */,
			);
			buildRules = (
			);
			dependencies = (
				2290667518FBCD3F000B71D7 /* PBXTargetDependency */,
			);
			name = SlidePageDemoTests;
			productName = SlidePageDemoTests;
			productReference = 2290666F18FBCD3F000B71D7 /* SlidePageDemoTests.xctest */;
			productType = "com.apple.product-type.bundle.unit-test";
		};
/* End PBXNativeTarget section */

/* Begin PBXProject section */
		2290664318FBCD3E000B71D7 /* Project object */ = {
			isa = PBXProject;
			attributes = {
				LastUpgradeCheck = 0510;
				ORGANIZATIONNAME = shanfeng;
				TargetAttributes = {
					2290666E18FBCD3F000B71D7 = {
						TestTargetID = 2290664A18FBCD3F000B71D7;
					};
				};
			};
			buildConfigurationList = 2290664618FBCD3F000B71D7 /* Build configuration list for PBXProject "SlidePageDemo" */;
			compatibilityVersion = "Xcode 3.2";
			developmentRegion = English;
			hasScannedForEncodings = 0;
			knownRegions = (
				en,
				Base,
			);
			mainGroup = 2290664218FBCD3E000B71D7;
			productRefGroup = 2290664C18FBCD3F000B71D7 /* Products */;
			projectDirPath = "";
			projectRoot = "";
			targets = (
				2290664A18FBCD3F000B71D7 /* SlidePageDemo */,
				2290666E18FBCD3F000B71D7 /* SlidePageDemoTests */,
			);
		};
/* End PBXProject section */

/* Begin PBXResourcesBuildPhase section */
		2290664918FBCD3F000B71D7 /* Resources */ = {
			isa = PBXResourcesBuildPhase;
			buildActionMask = 2147483647;
			files = (
				2290666518FBCD3F000B71D7 /* Main_iPad.storyboard in Resources */,
				2290669818FC0E12000B71D7 /* RightViewController.xib in Resources */,
				2290669318FC0E02000B71D7 /* LeftViewController.xib in Resources */,
				2290666A18FBCD3F000B71D7 /* Images.xcassets in Resources */,
				2290668E18FC0DEE000B71D7 /* MainViewController.xib in Resources */,
				2290666218FBCD3F000B71D7 /* Main_iPhone.storyboard in Resources */,
				2290665918FBCD3F000B71D7 /* InfoPlist.strings in Resources */,
			);
			runOnlyForDeploymentPostprocessing = 0;
		};
		2290666D18FBCD3F000B71D7 /* Resources */ = {
			isa = PBXResourcesBuildPhase;
			buildActionMask = 2147483647;
			files = (
				2290667B18FBCD3F000B71D7 /* InfoPlist.strings in Resources */,
			);
			runOnlyForDeploymentPostprocessing = 0;
		};
/* End PBXResourcesBuildPhase section */

/* Begin PBXSourcesBuildPhase section */
		2290664718FBCD3F000B71D7 /* Sources */ = {
			isa = PBXSourcesBuildPhase;
			buildActionMask = 2147483647;
			files = (
				2290669718FC0E12000B71D7 /* RightViewController.m in Sources */,
				2290669B18FD2F19000B71D7 /* TabScrollViewController.m in Sources */,
				2290666818FBCD3F000B71D7 /* ViewController.m in Sources */,
				2290668918FBD162000B71D7 /* SlidePageViewController.m in Sources */,
				2290665F18FBCD3F000B71D7 /* AppDelegate.m in Sources */,
				2290669218FC0E02000B71D7 /* LeftViewController.m in Sources */,
				2290669E18FD5851000B71D7 /* TabInfo.m in Sources */,
				2290668D18FC0DEE000B71D7 /* MainViewController.m in Sources */,
				2290665B18FBCD3F000B71D7 /* main.m in Sources */,
			);
			runOnlyForDeploymentPostprocessing = 0;
		};
		2290666B18FBCD3F000B71D7 /* Sources */ = {
			isa = PBXSourcesBuildPhase;
			buildActionMask = 2147483647;
			files = (
				2290667D18FBCD3F000B71D7 /* SlidePageDemoTests.m in Sources */,
			);
			runOnlyForDeploymentPostprocessing = 0;
		};
/* End PBXSourcesBuildPhase section */

/* Begin PBXTargetDependency section */
		2290667518FBCD3F000B71D7 /* PBXTargetDependency */ = {
			isa = PBXTargetDependency;
			target = 2290664A18FBCD3F000B71D7 /* SlidePageDemo */;
			targetProxy = 2290667418FBCD3F000B71D7 /* PBXContainerItemProxy */;
		};
/* End PBXTargetDependency section */

/* Begin PBXVariantGroup section */
		2290665718FBCD3F000B71D7 /* InfoPlist.strings */ = {
			isa = PBXVariantGroup;
			children = (
				2290665818FBCD3F000B71D7 /* en */,
			);
			name = InfoPlist.strings;
			sourceTree = "<group>";
		};
		2290666018FBCD3F000B71D7 /* Main_iPhone.storyboard */ = {
			isa = PBXVariantGroup;
			children = (
				2290666118FBCD3F000B71D7 /* Base */,
			);
			name = Main_iPhone.storyboard;
			sourceTree = "<group>";
		};
		2290666318FBCD3F000B71D7 /* Main_iPad.storyboard */ = {
			isa = PBXVariantGroup;
			children = (
				2290666418FBCD3F000B71D7 /* Base */,
			);
			name = Main_iPad.storyboard;
			sourceTree = "<group>";
		};
		2290667918FBCD3F000B71D7 /* InfoPlist.strings */ = {
			isa = PBXVariantGroup;
			children = (
				2290667A18FBCD3F000B71D7 /* en */,
			);
			name = InfoPlist.strings;
			sourceTree = "<group>";
		};
/* End PBXVariantGroup section */

/* Begin XCBuildConfiguration section */
		2290667E18FBCD3F000B71D7 /* Debug */ = {
			isa = XCBuildConfiguration;
			buildSettings = {
				ALWAYS_SEARCH_USER_PATHS = NO;
				CLANG_CXX_LANGUAGE_STANDARD = "gnu++0x";
				CLANG_CXX_LIBRARY = "libc++";
				CLANG_ENABLE_MODULES = YES;
				CLANG_ENABLE_OBJC_ARC = YES;
				CLANG_WARN_BOOL_CONVERSION = YES;
				CLANG_WARN_CONSTANT_CONVERSION = YES;
				CLANG_WARN_DIRECT_OBJC_ISA_USAGE = YES_ERROR;
				CLANG_WARN_EMPTY_BODY = YES;
				CLANG_WARN_ENUM_CONVERSION = YES;
				CLANG_WARN_INT_CONVERSION = YES;
				CLANG_WARN_OBJC_ROOT_CLASS = YES_ERROR;
				CLANG_WARN__DUPLICATE_METHOD_MATCH = YES;
				"CODE_SIGN_IDENTITY[sdk=iphoneos*]" = "iPhone Developer";
				COPY_PHASE_STRIP = NO;
				GCC_C_LANGUAGE_STANDARD = gnu99;
				GCC_DYNAMIC_NO_PIC = NO;
				GCC_OPTIMIZATION_LEVEL = 0;
				GCC_PREPROCESSOR_DEFINITIONS = (
					"DEBUG=1",
					"$(inherited)",
				);
				GCC_SYMBOLS_PRIVATE_EXTERN = NO;
				GCC_WARN_64_TO_32_BIT_CONVERSION = YES;
				GCC_WARN_ABOUT_RETURN_TYPE = YES_ERROR;
				GCC_WARN_UNDECLARED_SELECTOR = YES;
				GCC_WARN_UNINITIALIZED_AUTOS = YES_AGGRESSIVE;
				GCC_WARN_UNUSED_FUNCTION = YES;
				GCC_WARN_UNUSED_VARIABLE = YES;
				IPHONEOS_DEPLOYMENT_TARGET = 7.1;
				ONLY_ACTIVE_ARCH = YES;
				SDKROOT = iphoneos;
				TARGETED_DEVICE_FAMILY = "1,2";
			};
			name = Debug;
		};
		2290667F18FBCD3F000B71D7 /* Release */ = {
			isa = XCBuildConfiguration;
			buildSettings = {
				ALWAYS_SEARCH_USER_PATHS = NO;
				CLANG_CXX_LANGUAGE_STANDARD = "gnu++0x";
				CLANG_CXX_LIBRARY = "libc++";
				CLANG_ENABLE_MODULES = YES;
				CLANG_ENABLE_OBJC_ARC = YES;
				CLANG_WARN_BOOL_CONVERSION = YES;
				CLANG_WARN_CONSTANT_CONVERSION = YES;
				CLANG_WARN_DIRECT_OBJC_ISA_USAGE = YES_ERROR;
				CLANG_WARN_EMPTY_BODY = YES;
				CLANG_WARN_ENUM_CONVERSION = YES;
				CLANG_WARN_INT_CONVERSION = YES;
				CLANG_WARN_OBJC_ROOT_CLASS = YES_ERROR;
				CLANG_WARN__DUPLICATE_METHOD_MATCH = YES;
				"CODE_SIGN_IDENTITY[sdk=iphoneos*]" = "iPhone Developer";
				COPY_PHASE_STRIP = YES;
				ENABLE_NS_ASSERTIONS = NO;
				GCC_C_LANGUAGE_STANDARD = gnu99;
				GCC_WARN_64_TO_32_BIT_CONVERSION = YES;
				GCC_WARN_ABOUT_RETURN_TYPE = YES_ERROR;
				GCC_WARN_UNDECLARED_SELECTOR = YES;
				GCC_WARN_UNINITIALIZED_AUTOS = YES_AGGRESSIVE;
				GCC_WARN_UNUSED_FUNCTION = YES;
				GCC_WARN_UNUSED_VARIABLE = YES;
				IPHONEOS_DEPLOYMENT_TARGET = 7.1;
				SDKROOT = iphoneos;
				TARGETED_DEVICE_FAMILY = "1,2";
				VALIDATE_PRODUCT = YES;
			};
			name = Release;
		};
		2290668118FBCD3F000B71D7 /* Debug */ = {
			isa = XCBuildConfiguration;
			buildSettings = {
				ASSETCATALOG_COMPILER_APPICON_NAME = AppIcon;
				ASSETCATALOG_COMPILER_LAUNCHIMAGE_NAME = LaunchImage;
				GCC_PRECOMPILE_PREFIX_HEADER = YES;
				GCC_PREFIX_HEADER = "SlidePageDemo/SlidePageDemo-Prefix.pch";
				INFOPLIST_FILE = "SlidePageDemo/SlidePageDemo-Info.plist";
				IPHONEOS_DEPLOYMENT_TARGET = 6.0;
				PRODUCT_NAME = "$(TARGET_NAME)";
				WRAPPER_EXTENSION = app;
			};
			name = Debug;
		};
		2290668218FBCD3F000B71D7 /* Release */ = {
			isa = XCBuildConfiguration;
			buildSettings = {
				ASSETCATALOG_COMPILER_APPICON_NAME = AppIcon;
				ASSETCATALOG_COMPILER_LAUNCHIMAGE_NAME = LaunchImage;
				GCC_PRECOMPILE_PREFIX_HEADER = YES;
				GCC_PREFIX_HEADER = "SlidePageDemo/SlidePageDemo-Prefix.pch";
				INFOPLIST_FILE = "SlidePageDemo/SlidePageDemo-Info.plist";
				IPHONEOS_DEPLOYMENT_TARGET = 6.0;
				PRODUCT_NAME = "$(TARGET_NAME)";
				WRAPPER_EXTENSION = app;
			};
			name = Release;
		};
		2290668418FBCD3F000B71D7 /* Debug */ = {
			isa = XCBuildConfiguration;
			buildSettings = {
				BUNDLE_LOADER = "$(BUILT_PRODUCTS_DIR)/SlidePageDemo.app/SlidePageDemo";
				FRAMEWORK_SEARCH_PATHS = (
					"$(SDKROOT)/Developer/Library/Frameworks",
					"$(inherited)",
					"$(DEVELOPER_FRAMEWORKS_DIR)",
				);
				GCC_PRECOMPILE_PREFIX_HEADER = YES;
				GCC_PREFIX_HEADER = "SlidePageDemo/SlidePageDemo-Prefix.pch";
				GCC_PREPROCESSOR_DEFINITIONS = (
					"DEBUG=1",
					"$(inherited)",
				);
				INFOPLIST_FILE = "SlidePageDemoTests/SlidePageDemoTests-Info.plist";
				PRODUCT_NAME = "$(TARGET_NAME)";
				TEST_HOST = "$(BUNDLE_LOADER)";
				WRAPPER_EXTENSION = xctest;
			};
			name = Debug;
		};
		2290668518FBCD3F000B71D7 /* Release */ = {
			isa = XCBuildConfiguration;
			buildSettings = {
				BUNDLE_LOADER = "$(BUILT_PRODUCTS_DIR)/SlidePageDemo.app/SlidePageDemo";
				FRAMEWORK_SEARCH_PATHS = (
					"$(SDKROOT)/Developer/Library/Frameworks",
					"$(inherited)",
					"$(DEVELOPER_FRAMEWORKS_DIR)",
				);
				GCC_PRECOMPILE_PREFIX_HEADER = YES;
				GCC_PREFIX_HEADER = "SlidePageDemo/SlidePageDemo-Prefix.pch";
				INFOPLIST_FILE = "SlidePageDemoTests/SlidePageDemoTests-Info.plist";
				PRODUCT_NAME = "$(TARGET_NAME)";
				TEST_HOST = "$(BUNDLE_LOADER)";
				WRAPPER_EXTENSION = xctest;
			};
			name = Release;
		};
/* End XCBuildConfiguration section */

/* Begin XCConfigurationList section */
		2290664618FBCD3F000B71D7 /* Build configuration list for PBXProject "SlidePageDemo" */ = {
			isa = XCConfigurationList;
			buildConfigurations = (
				2290667E18FBCD3F000B71D7 /* Debug */,
				2290667F18FBCD3F000B71D7 /* Release */,
			);
			defaultConfigurationIsVisible = 0;
			defaultConfigurationName = Release;
		};
		2290668018FBCD3F000B71D7 /* Build configuration list for PBXNativeTarget "SlidePageDemo" */ = {
			isa = XCConfigurationList;
			buildConfigurations = (
				2290668118FBCD3F000B71D7 /* Debug */,
				2290668218FBCD3F000B71D7 /* Release */,
			);
			defaultConfigurationIsVisible = 0;
			defaultConfigurationName = Release;
		};
		2290668318FBCD3F000B71D7 /* Build configuration list for PBXNativeTarget "SlidePageDemoTests" */ = {
			isa = XCConfigurationList;
			buildConfigurations = (
				2290668418FBCD3F000B71D7 /* Debug */,
				2290668518FBCD3F000B71D7 /* Release */,
			);
			defaultConfigurationIsVisible = 0;
			defaultConfigurationName = Release;
		};
/* End XCConfigurationList section */
	};
	rootObject = 2290664318FBCD3E000B71D7 /* Project object */;
}
